
Microsoft Visual Studio Solution File, Format Version 12.00
Project("{FAE04EC0-301F-11D3-BF4B-00C04F79EFBC}") = "SimplexNoise", "SimplexNoise\SimplexNoise.csproj", "{D82745B8-6B97-4ABF-A902-305956BE9BC6}"
EndProject
Project("{FAE04EC0-301F-11D3-BF4B-00C04F79EFBC}") = "NoiseTest", "NoiseTest\NoiseTest.csproj", "{8F3192FF-C458-4A84-AD52-B681214707DA}"
EndProject
Global
	GlobalSection(SolutionConfigurationPlatforms) = preSolution
		Debug|Any CPU = Debug|Any CPU
		Release|Any CPU = Release|Any CPU
	EndGlobalSection
	GlobalSection(ProjectConfigurationPlatforms) = postSolution
		{D82745B8-6B97-4ABF-A902-305956BE9BC6}.Debug|Any CPU.ActiveCfg = Debug|Any CPU
		{D82745B8-6B97-4ABF-A902-305956BE9BC6}.Debug|Any CPU.Build.0 = Debug|Any CPU
		{D82745B8-6B97-4ABF-A902-305956BE9BC6}.Release|Any CPU.ActiveCfg = Release|Any CPU
		{D82745B8-6B97-4ABF-A902-305956BE9BC6}.Release|Any CPU.Build.0 = Release|Any CPU
		{8F3192FF-C458-4A84-AD52-B681214707DA}.Debug|Any CPU.ActiveCfg = Debug|Any CPU
		{8F3192FF-C458-4A84-AD52-B681214707DA}.Debug|Any CPU.Build.0 = Debug|Any CPU
		{8F3192FF-C458-4A84-AD52-B681214707DA}.Release|Any CPU.ActiveCfg = Release|Any CPU
		{8F3192FF-C458-4A84-AD52-B681214707DA}.Release|Any CPU.Build.0 = Release|Any CPU
	EndGlobalSection
EndGlobal
